PODS:
  - CocoaLumberjack (1.9.2):
    - CocoaLumberjack/Extensions (= 1.9.2)
  - CocoaLumberjack/Core (1.9.2)
  - CocoaLumberjack/Extensions (1.9.2):
    - CocoaLumberjack/Core
  - FBSnapshotTestCase/Core (2.1.4)
  - libopus-patched-config (1.1):
    - libopus-patched-config/float (= 1.1)
  - libopus-patched-config/float (1.1)
  - libsodium (1.0.12)
  - objcTox (0.7.0):
    - CocoaLumberjack (= 1.9.2)
    - Realm (= 3.1.0)
    - toxcore (= 0.2.2)
    - TPCircularBuffer (~> 0.0.1)
  - Realm (3.1.0):
    - Realm/Headers (= 3.1.0)
  - Realm/Headers (3.1.0)
  - toxcore (0.2.2):
    - libopus-patched-config (= 1.1)
    - libsodium (~> 1.0.1)
  - TPCircularBuffer (0.0.1)
  - "UITextView+Placeholder (1.4.0)"

DEPENDENCIES:
  - FBSnapshotTestCase/Core
  - objcTox (from `https://github.com/Antidote-for-Tox/objcTox.git`, commit `51545ce2bd1adcd4b7f73da63a34f6e5bac88807`)
  - "UITextView+Placeholder (~> 1.4.0)"

SPEC REPOS:
  https://github.com/CocoaPods/Specs.git:
    - CocoaLumberjack
    - FBSnapshotTestCase
    - libopus-patched-config
    - libsodium
    - Realm
    - toxcore
    - TPCircularBuffer
    - "UITextView+Placeholder"

EXTERNAL SOURCES:
  objcTox:
    :commit: 51545ce2bd1adcd4b7f73da63a34f6e5bac88807
    :git: https://github.com/Antidote-for-Tox/objcTox.git

CHECKOUT OPTIONS:
  objcTox:
    :commit: 51545ce2bd1adcd4b7f73da63a34f6e5bac88807
    :git: https://github.com/Antidote-for-Tox/objcTox.git

SPEC CHECKSUMS:
  CocoaLumberjack: 628fca2e88ef06f7cf6817309aa405f325d9a6fa
  FBSnapshotTestCase: 094f9f314decbabe373b87cc339bea235a63e07a
  libopus-patched-config: 12321105eb4b96e869b7957f3122345fd67928c3
  libsodium: 9a8faa5ef2fa0d2d57bd7f7d79bf8fb7c1a9f0ea
  objcTox: 0f7e88ce5bd670a3099a7058dbb13e5451d6ec5a
  Realm: 09513d7c054678d65cd02ce09871f805b0d758ac
  toxcore: 57d8ec3bd29bf4fecff84a742579124094ed8b2a
  TPCircularBuffer: 949e9632b9fb99b7274d7b2296ee22bff5841e35
  "UITextView+Placeholder": d7b0c400921f66523f3a85d74f774512e14f6502

PODFILE CHECKSUM: d85b3b011a7f04ba193d441f705802c30260c447

COCOAPODS: 1.16.2
